
Microsoft Visual Studio Solution File, Format Version 12.00
# Visual Studio Version 17
VisualStudioVersion = 17.14.36127.28 d17.14
MinimumVisualStudioVersion = 10.0.40219.1
Project("{FAE04EC0-301F-11D3-BF4B-00C04F79EFBC}") = "praktikum-winform", "praktikum-winform\praktikum-winform.csproj", "{B5256E87-27BE-4FEC-9AEB-B5E0704D17A2}"
EndProject
Global
	GlobalSection(SolutionConfigurationPlatforms) = preSolution
		Debug|Any CPU = Debug|Any CPU
		Release|Any CPU = Release|Any CPU
	EndGlobalSection
	GlobalSection(ProjectConfigurationPlatforms) = postSolution
		{B5256E87-27BE-4FEC-9AEB-B5E0704D17A2}.Debug|Any CPU.ActiveCfg = Debug|Any CPU
		{B5256E87-27BE-4FEC-9AEB-B5E0704D17A2}.Debug|Any CPU.Build.0 = Debug|Any CPU
		{B5256E87-27BE-4FEC-9AEB-B5E0704D17A2}.Release|Any CPU.ActiveCfg = Release|Any CPU
		{B5256E87-27BE-4FEC-9AEB-B5E0704D17A2}.Release|Any CPU.Build.0 = Release|Any CPU
	EndGlobalSection
	GlobalSection(SolutionProperties) = preSolution
		HideSolutionNode = FALSE
	EndGlobalSection
	GlobalSection(ExtensibilityGlobals) = postSolution
		SolutionGuid = {8B35A0B1-6E6D-49C5-884D-C97C87265492}
	EndGlobalSection
EndGlobal
